Microsoft Visual Studio Solution File, Format Version 12.00
# Visual Studio Version 17
VisualStudioVersion = 17.5.2.0
MinimumVisualStudioVersion = 10.0.40219.1
Project("{2150E333-8FDC-42A3-9474-1A3956D46DE8}") = "tests", "tests", "{0AB3BF05-4346-4AA6-1389-037BE0695223}"
EndProject
Project("{2150E333-8FDC-42A3-9474-1A3956D46DE8}") = "sh", "sh", "{0FA9001A-1498-84F5-513C-78FA35AE319A}"
EndProject
Project("{FAE04EC0-301F-11D3-BF4B-00C04F79EFBC}") = "ShSpecTests", "tests\sh\ShSpecTests\ShSpecTests.csproj", "{B7941D35-C45F-AA0B-BC92-56F03F9DB417}"
EndProject
Global
	GlobalSection(SolutionConfigurationPlatforms) = preSolution
		Debug|Any CPU = Debug|Any CPU
		Release|Any CPU = Release|Any CPU
	EndGlobalSection
	GlobalSection(ProjectConfigurationPlatforms) = postSolution
		{B7941D35-C45F-AA0B-BC92-56F03F9DB417}.Debug|Any CPU.ActiveCfg = Debug|Any CPU
		{B7941D35-C45F-AA0B-BC92-56F03F9DB417}.Debug|Any CPU.Build.0 = Debug|Any CPU
		{B7941D35-C45F-AA0B-BC92-56F03F9DB417}.Release|Any CPU.ActiveCfg = Release|Any CPU
		{B7941D35-C45F-AA0B-BC92-56F03F9DB417}.Release|Any CPU.Build.0 = Release|Any CPU
	EndGlobalSection
	GlobalSection(SolutionProperties) = preSolution
		HideSolutionNode = FALSE
	EndGlobalSection
	GlobalSection(NestedProjects) = preSolution
		{0FA9001A-1498-84F5-513C-78FA35AE319A} = {0AB3BF05-4346-4AA6-1389-037BE0695223}
		{B7941D35-C45F-AA0B-BC92-56F03F9DB417} = {0FA9001A-1498-84F5-513C-78FA35AE319A}
	EndGlobalSection
	GlobalSection(ExtensibilityGlobals) = postSolution
		SolutionGuid = {0C2866FE-D494-43A7-BAFF-D7E0B53FF896}
	EndGlobalSection
EndGlobal
